# This file is automatically @generated by Cargo.
# It is not intended for manual editing.
[[package]]
name = "roxmltree"
version = "0.7.3"
source = "registry+https://github.com/rust-lang/crates.io-index"
dependencies = [
 "xmlparser 0.10.0 (registry+https://github.com/rust-lang/crates.io-index)",
]

[[package]]
name = "xmlparser"
version = "0.10.0"
source = "registry+https://github.com/rust-lang/crates.io-index"

[[package]]
name = "xsd-parser"
version = "0.1.0"
dependencies = [
 "roxmltree 0.7.3 (registry+https://github.com/rust-lang/crates.io-index)",
]

[metadata]
"checksum roxmltree 0.7.3 (registry+https://github.com/rust-lang/crates.io-index)" = "0852407257c1b696a0c66b9db3ffe7769c2744a2fa725c8050e6f3e5a823c02b"
"checksum xmlparser 0.10.0 (registry+https://github.com/rust-lang/crates.io-index)" = "8110496c5bcc0d966b0b2da38d5a791aa139eeb0b80e7840a7463c2b806921eb"
